// !$*UTF8*$!
{
	archiveVersion = 1;
	classes = {
	};
	objectVersion = 50;
	objects = {

/* Begin PBXBuildFile section */
		2E4B62D30E5ECF52DCAEE345 /* libPods-Pokedex.a in Frameworks */ = {isa = PBXBuildFile; fileRef = C5F653C43738BC20D9855AFB /* libPods-Pokedex.a */; };
		C6C526E020D99C0600874090 /* AppDelegate.swift in Sources */ = {isa = PBXBuildFile; fileRef = C6C526DF20D99C0600874090 /* AppDelegate.swift */; };
		C6C526E220D99C0600874090 /* ViewController.swift in Sources */ = {isa = PBXBuildFile; fileRef = C6C526E120D99C0600874090 /* ViewController.swift */; };
		C6C526E520D99C0600874090 /* Main.storyboard in Resources */ = {isa = PBXBuildFile; fileRef = C6C526E320D99C0600874090 /* Main.storyboard */; };
		C6C526E720D99C0700874090 /* Assets.xcassets in Resources */ = {isa = PBXBuildFile; fileRef = C6C526E620D99C0700874090 /* Assets.xcassets */; };
		C6C526EA20D99C0700874090 /* LaunchScreen.storyboard in Resources */ = {isa = PBXBuildFile; fileRef = C6C526E820D99C0700874090 /* LaunchScreen.storyboard */; };
		C6C526F520D99C0800874090 /* PokedexTests.swift in Sources */ = {isa = PBXBuildFile; fileRef = C6C526F420D99C0800874090 /* PokedexTests.swift */; };
		C6C5270020D99C0800874090 /* PokedexUITests.swift in Sources */ = {isa = PBXBuildFile; fileRef = C6C526FF20D99C0800874090 /* PokedexUITests.swift */; };
		C6C5270E20D99EC100874090 /* pokemon.csv in Resources */ = {isa = PBXBuildFile; fileRef = C6C5270D20D99EC000874090 /* pokemon.csv */; };
		C6C5271120D99FF400874090 /* Pokemon.swift in Sources */ = {isa = PBXBuildFile; fileRef = C6C5271020D99FF400874090 /* Pokemon.swift */; };
		C6C5271620D9A74F00874090 /* PokeCell.swift in Sources */ = {isa = PBXBuildFile; fileRef = C6C5271520D9A74F00874090 /* PokeCell.swift */; };
		C6C5271920D9AF7D00874090 /* csv.swift in Sources */ = {isa = PBXBuildFile; fileRef = C6C5271820D9AF7D00874090 /* csv.swift */; };
		C6C5271B20D9BC1F00874090 /* PokeDetailVC.swift in Sources */ = {isa = PBXBuildFile; fileRef = C6C5271A20D9BC1F00874090 /* PokeDetailVC.swift */; };
		C6C5271D20D9E55400874090 /* pokeFont.ttf in Resources */ = {isa = PBXBuildFile; fileRef = C6C5271C20D9E55400874090 /* pokeFont.ttf */; };
		C6C5272120D9EBA400874090 /* Pokemon Solid.ttf in Resources */ = {isa = PBXBuildFile; fileRef = C6C5272020D9EBA400874090 /* Pokemon Solid.ttf */; };
		C6C5272320DAC4E200874090 /* constants.swift in Sources */ = {isa = PBXBuildFile; fileRef = C6C5272220DAC4E200874090 /* constants.swift */; };
		C6C5272520DB8BEE00874090 /* music.mp3 in Resources */ = {isa = PBXBuildFile; fileRef = C6C5272420DB8BEE00874090 /* music.mp3 */; };
/* End PBXBuildFile section */

/* Begin PBXContainerItemProxy section */
		C6C526F120D99C0800874090 /* PBXContainerItemProxy */ = {
			isa = PBXContainerItemProxy;
			containerPortal = C6C526D420D99C0600874090 /* Project object */;
			proxyType = 1;
			remoteGlobalIDString = C6C526DB20D99C0600874090;
			remoteInfo = Pokedex;
		};
		C6C526FC20D99C0800874090 /* PBXContainerItemProxy */ = {
			isa = PBXContainerItemProxy;
			containerPortal = C6C526D420D99C0600874090 /* Project object */;
			proxyType = 1;
			remoteGlobalIDString = C6C526DB20D99C0600874090;
			remoteInfo = Pokedex;
		};
/* End PBXContainerItemProxy section */

/* Begin PBXFileReference section */
		0B1E8F831291D82CCE670ADE /* Pods-Pokedex.release.xcconfig */ = {isa = PBXFileReference; includeInIndex = 1; lastKnownFileType = text.xcconfig; name = "Pods-Pokedex.release.xcconfig"; path = "Pods/Target Support Files/Pods-Pokedex/Pods-Pokedex.release.xcconfig"; sourceTree = "<group>"; };
		9F76E3F689EFE8C47A0D62CB /* Pods-Pokedex.debug.xcconfig */ = {isa = PBXFileReference; includeInIndex = 1; lastKnownFileType = text.xcconfig; name = "Pods-Pokedex.debug.xcconfig"; path = "Pods/Target Support Files/Pods-Pokedex/Pods-Pokedex.debug.xcconfig"; sourceTree = "<group>"; };
		C5F653C43738BC20D9855AFB /* libPods-Pokedex.a */ = {isa = PBXFileReference; explicitFileType = archive.ar; includeInIndex = 0; path = "libPods-Pokedex.a"; sourceTree = BUILT_PRODUCTS_DIR; };
		C6C526DC20D99C0600874090 /* Pokedex.app */ = {isa = PBXFileReference; explicitFileType = wrapper.application; includeInIndex = 0; path = Pokedex.app; sourceTree = BUILT_PRODUCTS_DIR; };
		C6C526DF20D99C0600874090 /* AppDelegate.swift */ = {isa = PBXFileReference; lastKnownFileType = sourcecode.swift; path = AppDelegate.swift; sourceTree = "<group>"; };
		C6C526E120D99C0600874090 /* ViewController.swift */ = {isa = PBXFileReference; lastKnownFileType = sourcecode.swift; path = ViewController.swift; sourceTree = "<group>"; };
		C6C526E420D99C0600874090 /* Base */ = {isa = PBXFileReference; lastKnownFileType = file.storyboard; name = Base; path = Base.lproj/Main.storyboard; sourceTree = "<group>"; };
		C6C526E620D99C0700874090 /* Assets.xcassets */ = {isa = PBXFileReference; lastKnownFileType = folder.assetcatalog; path = Assets.xcassets; sourceTree = "<group>"; };
		C6C526E920D99C0700874090 /* Base */ = {isa = PBXFileReference; lastKnownFileType = file.storyboard; name = Base; path = Base.lproj/LaunchScreen.storyboard; sourceTree = "<group>"; };
		C6C526EB20D99C0700874090 /* Info.plist */ = {isa = PBXFileReference; lastKnownFileType = text.plist.xml; path = Info.plist; sourceTree = "<group>"; };
		C6C526F020D99C0800874090 /* PokedexTests.xctest */ = {isa = PBXFileReference; explicitFileType = wrapper.cfbundle; includeInIndex = 0; path = PokedexTests.xctest; sourceTree = BUILT_PRODUCTS_DIR; };
		C6C526F420D99C0800874090 /* PokedexTests.swift */ = {isa = PBXFileReference; lastKnownFileType = sourcecode.swift; path = PokedexTests.swift; sourceTree = "<group>"; };
		C6C526F620D99C0800874090 /* Info.plist */ = {isa = PBXFileReference; lastKnownFileType = text.plist.xml; path = Info.plist; sourceTree = "<group>"; };
		C6C526FB20D99C0800874090 /* PokedexUITests.xctest */ = {isa = PBXFileReference; explicitFileType = wrapper.cfbundle; includeInIndex = 0; path = PokedexUITests.xctest; sourceTree = BUILT_PRODUCTS_DIR; };
		C6C526FF20D99C0800874090 /* PokedexUITests.swift */ = {isa = PBXFileReference; lastKnownFileType = sourcecode.swift; path = PokedexUITests.swift; sourceTree = "<group>"; };
		C6C5270120D99C0800874090 /* Info.plist */ = {isa = PBXFileReference; lastKnownFileType = text.plist.xml; path = Info.plist; sourceTree = "<group>"; };
		C6C5270D20D99EC000874090 /* pokemon.csv */ = {isa = PBXFileReference; fileEncoding = 4; lastKnownFileType = text; path = pokemon.csv; sourceTree = "<group>"; };
		C6C5271020D99FF400874090 /* Pokemon.swift */ = {isa = PBXFileReference; lastKnownFileType = sourcecode.swift; path = Pokemon.swift; sourceTree = "<group>"; };
		C6C5271520D9A74F00874090 /* PokeCell.swift */ = {isa = PBXFileReference; lastKnownFileType = sourcecode.swift; path = PokeCell.swift; sourceTree = "<group>"; };
		C6C5271820D9AF7D00874090 /* csv.swift */ = {isa = PBXFileReference; lastKnownFileType = sourcecode.swift; path = csv.swift; sourceTree = "<group>"; };
		C6C5271A20D9BC1F00874090 /* PokeDetailVC.swift */ = {isa = PBXFileReference; lastKnownFileType = sourcecode.swift; path = PokeDetailVC.swift; sourceTree = "<group>"; };
		C6C5271C20D9E55400874090 /* pokeFont.ttf */ = {isa = PBXFileReference; lastKnownFileType = file; path = pokeFont.ttf; sourceTree = "<group>"; };
		C6C5272020D9EBA400874090 /* Pokemon Solid.ttf */ = {isa = PBXFileReference; lastKnownFileType = file; path = "Pokemon Solid.ttf"; sourceTree = "<group>"; };
		C6C5272220DAC4E200874090 /* constants.swift */ = {isa = PBXFileReference; lastKnownFileType = sourcecode.swift; path = constants.swift; sourceTree = "<group>"; };
		C6C5272420DB8BEE00874090 /* music.mp3 */ = {isa = PBXFileReference; lastKnownFileType = audio.mp3; path = music.mp3; sourceTree = "<group>"; };
/* End PBXFileReference section */

/* Begin PBXFrameworksBuildPhase section */
		C6C526D920D99C0600874090 /* Frameworks */ = {
			isa = PBXFrameworksBuildPhase;
			buildActionMask = 2147483647;
			files = (
				2E4B62D30E5ECF52DCAEE345 /* libPods-Pokedex.a in Frameworks */,
			);
			runOnlyForDeploymentPostprocessing = 0;
		};
		C6C526ED20D99C0800874090 /* Frameworks */ = {
			isa = PBXFrameworksBuildPhase;
			buildActionMask = 2147483647;
			files = (
			);
			runOnlyForDeploymentPostprocessing = 0;
		};
		C6C526F820D99C0800874090 /* Frameworks */ = {
			isa = PBXFrameworksBuildPhase;
			buildActionMask = 2147483647;
			files = (
			);
			runOnlyForDeploymentPostprocessing = 0;
		};
/* End PBXFrameworksBuildPhase section */

/* Begin PBXGroup section */
		181A1E3555B0116CB6DB0AA7 /* Pods */ = {
			isa = PBXGroup;
			children = (
				9F76E3F689EFE8C47A0D62CB /* Pods-Pokedex.debug.xcconfig */,
				0B1E8F831291D82CCE670ADE /* Pods-Pokedex.release.xcconfig */,
			);
			name = Pods;
			sourceTree = "<group>";
		};
		284C0844BFD5B6A4D5AAA7BA /* Frameworks */ = {
			isa = PBXGroup;
			children = (
				C5F653C43738BC20D9855AFB /* libPods-Pokedex.a */,
			);
			name = Frameworks;
			sourceTree = "<group>";
		};
		C6C526D320D99C0600874090 = {
			isa = PBXGroup;
			children = (
				C6C526DE20D99C0600874090 /* Pokedex */,
				C6C526F320D99C0800874090 /* PokedexTests */,
				C6C526FE20D99C0800874090 /* PokedexUITests */,
				C6C526DD20D99C0600874090 /* Products */,
				181A1E3555B0116CB6DB0AA7 /* Pods */,
				284C0844BFD5B6A4D5AAA7BA /* Frameworks */,
			);
			sourceTree = "<group>";
		};
		C6C526DD20D99C0600874090 /* Products */ = {
			isa = PBXGroup;
			children = (
				C6C526DC20D99C0600874090 /* Pokedex.app */,
				C6C526F020D99C0800874090 /* PokedexTests.xctest */,
				C6C526FB20D99C0800874090 /* PokedexUITests.xctest */,
			);
			name = Products;
			sourceTree = "<group>";
		};
		C6C526DE20D99C0600874090 /* Pokedex */ = {
			isa = PBXGroup;
			children = (
				C6C5271F20D9E59D00874090 /* Resources */,
				C6C5270F20D99FE600874090 /* Model */,
				C6C5271220D9A6DB00874090 /* View */,
				C6C5271720D9A8DC00874090 /* Controller */,
				C6C526DF20D99C0600874090 /* AppDelegate.swift */,
				C6C526E320D99C0600874090 /* Main.storyboard */,
				C6C526E820D99C0700874090 /* LaunchScreen.storyboard */,
				C6C526EB20D99C0700874090 /* Info.plist */,
			);
			path = Pokedex;
			sourceTree = "<group>";
		};
		C6C526F320D99C0800874090 /* PokedexTests */ = {
			isa = PBXGroup;
			children = (
				C6C526F420D99C0800874090 /* PokedexTests.swift */,
				C6C526F620D99C0800874090 /* Info.plist */,
			);
			path = PokedexTests;
			sourceTree = "<group>";
		};
		C6C526FE20D99C0800874090 /* PokedexUITests */ = {
			isa = PBXGroup;
			children = (
				C6C526FF20D99C0800874090 /* PokedexUITests.swift */,
				C6C5270120D99C0800874090 /* Info.plist */,
			);
			path = PokedexUITests;
			sourceTree = "<group>";
		};
		C6C5270F20D99FE600874090 /* Model */ = {
			isa = PBXGroup;
			children = (
				C6C5271020D99FF400874090 /* Pokemon.swift */,
			);
			path = Model;
			sourceTree = "<group>";
		};
		C6C5271220D9A6DB00874090 /* View */ = {
			isa = PBXGroup;
			children = (
				C6C5271520D9A74F00874090 /* PokeCell.swift */,
			);
			path = View;
			sourceTree = "<group>";
		};
		C6C5271720D9A8DC00874090 /* Controller */ = {
			isa = PBXGroup;
			children = (
				C6C526E120D99C0600874090 /* ViewController.swift */,
				C6C5271A20D9BC1F00874090 /* PokeDetailVC.swift */,
			);
			path = Controller;
			sourceTree = "<group>";
		};
		C6C5271F20D9E59D00874090 /* Resources */ = {
			isa = PBXGroup;
			children = (
				C6C5271C20D9E55400874090 /* pokeFont.ttf */,
				C6C5272020D9EBA400874090 /* Pokemon Solid.ttf */,
				C6C5270D20D99EC000874090 /* pokemon.csv */,
				C6C526E620D99C0700874090 /* Assets.xcassets */,
				C6C5272420DB8BEE00874090 /* music.mp3 */,
				C6C5271820D9AF7D00874090 /* csv.swift */,
				C6C5272220DAC4E200874090 /* constants.swift */,
			);
			path = Resources;
			sourceTree = "<group>";
		};
/* End PBXGroup section */

/* Begin PBXNativeTarget section */
		C6C526DB20D99C0600874090 /* Pokedex */ = {
			isa = PBXNativeTarget;
			buildConfigurationList = C6C5270420D99C0800874090 /* Build configuration list for PBXNativeTarget "Pokedex" */;
			buildPhases = (
				2757DF191223D9083DD9ECA1 /* [CP] Check Pods Manifest.lock */,
				C6C526D820D99C0600874090 /* Sources */,
				C6C526D920D99C0600874090 /* Frameworks */,
				C6C526DA20D99C0600874090 /* Resources */,
			);
			buildRules = (
			);
			dependencies = (
			);
			name = Pokedex;
			productName = Pokedex;
			productReference = C6C526DC20D99C0600874090 /* Pokedex.app */;
			productType = "com.apple.product-type.application";
		};
		C6C526EF20D99C0800874090 /* PokedexTests */ = {
			isa = PBXNativeTarget;
			buildConfigurationList = C6C5270720D99C0800874090 /* Build configuration list for PBXNativeTarget "PokedexTests" */;
			buildPhases = (
				C6C526EC20D99C0800874090 /* Sources */,
				C6C526ED20D99C0800874090 /* Frameworks */,
				C6C526EE20D99C0800874090 /* Resources */,
			);
			buildRules = (
			);
			dependencies = (
				C6C526F220D99C0800874090 /* PBXTargetDependency */,
			);
			name = PokedexTests;
			productName = PokedexTests;
			productReference = C6C526F020D99C0800874090 /* PokedexTests.xctest */;
			productType = "com.apple.product-type.bundle.unit-test";
		};
		C6C526FA20D99C0800874090 /* PokedexUITests */ = {
			isa = PBXNativeTarget;
			buildConfigurationList = C6C5270A20D99C0800874090 /* Build configuration list for PBXNativeTarget "PokedexUITests" */;
			buildPhases = (
				C6C526F720D99C0800874090 /* Sources */,
				C6C526F820D99C0800874090 /* Frameworks */,
				C6C526F920D99C0800874090 /* Resources */,
			);
			buildRules = (
			);
			dependencies = (
				C6C526FD20D99C0800874090 /* PBXTargetDependency */,
			);
			name = PokedexUITests;
			productName = PokedexUITests;
			productReference = C6C526FB20D99C0800874090 /* PokedexUITests.xctest */;
			productType = "com.apple.product-type.bundle.ui-testing";
		};
/* End PBXNativeTarget section */

/* Begin PBXProject section */
		C6C526D420D99C0600874090 /* Project object */ = {
			isa = PBXProject;
			attributes = {
				LastSwiftUpdateCheck = 0940;
				LastUpgradeCheck = 0940;
				ORGANIZATIONNAME = "Ramin Ikhilov";
				TargetAttributes = {
					C6C526DB20D99C0600874090 = {
						CreatedOnToolsVersion = 9.4.1;
					};
					C6C526EF20D99C0800874090 = {
						CreatedOnToolsVersion = 9.4.1;
						TestTargetID = C6C526DB20D99C0600874090;
					};
					C6C526FA20D99C0800874090 = {
						CreatedOnToolsVersion = 9.4.1;
						TestTargetID = C6C526DB20D99C0600874090;
					};
				};
			};
			buildConfigurationList = C6C526D720D99C0600874090 /* Build configuration list for PBXProject "Pokedex" */;
			compatibilityVersion = "Xcode 9.3";
			developmentRegion = en;
			hasScannedForEncodings = 0;
			knownRegions = (
				en,
				Base,
			);
			mainGroup = C6C526D320D99C0600874090;
			productRefGroup = C6C526DD20D99C0600874090 /* Products */;
			projectDirPath = "";
			projectRoot = "";
			targets = (
				C6C526DB20D99C0600874090 /* Pokedex */,
				C6C526EF20D99C0800874090 /* PokedexTests */,
				C6C526FA20D99C0800874090 /* PokedexUITests */,
			);
		};
/* End PBXProject section */

/* Begin PBXResourcesBuildPhase section */
		C6C526DA20D99C0600874090 /* Resources */ = {
			isa = PBXResourcesBuildPhase;
			buildActionMask = 2147483647;
			files = (
				C6C526EA20D99C0700874090 /* LaunchScreen.storyboard in Resources */,
				C6C526E720D99C0700874090 /* Assets.xcassets in Resources */,
				C6C5271D20D9E55400874090 /* pokeFont.ttf in Resources */,
				C6C5272120D9EBA400874090 /* Pokemon Solid.ttf in Resources */,
				C6C5270E20D99EC100874090 /* pokemon.csv in Resources */,
				C6C5272520DB8BEE00874090 /* music.mp3 in Resources */,
				C6C526E520D99C0600874090 /* Main.storyboard in Resources */,
			);
			runOnlyForDeploymentPostprocessing = 0;
		};
		C6C526EE20D99C0800874090 /* Resources */ = {
			isa = PBXResourcesBuildPhase;
			buildActionMask = 2147483647;
			files = (
			);
			runOnlyForDeploymentPostprocessing = 0;
		};
		C6C526F920D99C0800874090 /* Resources */ = {
			isa = PBXResourcesBuildPhase;
			buildActionMask = 2147483647;
			files = (
			);
			runOnlyForDeploymentPostprocessing = 0;
		};
/* End PBXResourcesBuildPhase section */

/* Begin PBXShellScriptBuildPhase section */
		2757DF191223D9083DD9ECA1 /* [CP] Check Pods Manifest.lock */ = {
			isa = PBXShellScriptBuildPhase;
			buildActionMask = 2147483647;
			files = (
			);
			inputPaths = (
				"${PODS_PODFILE_DIR_PATH}/Podfile.lock",
				"${PODS_ROOT}/Manifest.lock",
			);
			name = "[CP] Check Pods Manifest.lock";
			outputPaths = (
				"$(DERIVED_FILE_DIR)/Pods-Pokedex-checkManifestLockResult.txt",
			);
			runOnlyForDeploymentPostprocessing = 0;
			shellPath = /bin/sh;
			shellScript = "diff \"${PODS_PODFILE_DIR_PATH}/Podfile.lock\" \"${PODS_ROOT}/Manifest.lock\" > /dev/null\nif [ $? != 0 ] ; then\n    # print error to STDERR\n    echo \"error: The sandbox is not in sync with the Podfile.lock. Run 'pod install' or update your CocoaPods installation.\" >&2\n    exit 1\nfi\n# This output is used by Xcode 'outputs' to avoid re-running this script phase.\necho \"SUCCESS\" > \"${SCRIPT_OUTPUT_FILE_0}\"\n";
			showEnvVarsInLog = 0;
		};
/* End PBXShellScriptBuildPhase section */

/* Begin PBXSourcesBuildPhase section */
		C6C526D820D99C0600874090 /* Sources */ = {
			isa = PBXSourcesBuildPhase;
			buildActionMask = 2147483647;
			files = (
				C6C5271620D9A74F00874090 /* PokeCell.swift in Sources */,
				C6C526E220D99C0600874090 /* ViewController.swift in Sources */,
				C6C526E020D99C0600874090 /* AppDelegate.swift in Sources */,
				C6C5272320DAC4E200874090 /* constants.swift in Sources */,
				C6C5271120D99FF400874090 /* Pokemon.swift in Sources */,
				C6C5271B20D9BC1F00874090 /* PokeDetailVC.swift in Sources */,
				C6C5271920D9AF7D00874090 /* csv.swift in Sources */,
			);
			runOnlyForDeploymentPostprocessing = 0;
		};
		C6C526EC20D99C0800874090 /* Sources */ = {
			isa = PBXSourcesBuildPhase;
			buildActionMask = 2147483647;
			files = (
				C6C526F520D99C0800874090 /* PokedexTests.swift in Sources */,
			);
			runOnlyForDeploymentPostprocessing = 0;
		};
		C6C526F720D99C0800874090 /* Sources */ = {
			isa = PBXSourcesBuildPhase;
			buildActionMask = 2147483647;
			files = (
				C6C5270020D99C0800874090 /* PokedexUITests.swift in Sources */,
			);
			runOnlyForDeploymentPostprocessing = 0;
		};
/* End PBXSourcesBuildPhase section */

/* Begin PBXTargetDependency section */
		C6C526F220D99C0800874090 /* PBXTargetDependency */ = {
			isa = PBXTargetDependency;
			target = C6C526DB20D99C0600874090 /* Pokedex */;
			targetProxy = C6C526F120D99C0800874090 /* PBXContainerItemProxy */;
		};
		C6C526FD20D99C0800874090 /* PBXTargetDependency */ = {
			isa = PBXTargetDependency;
			target = C6C526DB20D99C0600874090 /* Pokedex */;
			targetProxy = C6C526FC20D99C0800874090 /* PBXContainerItemProxy */;
		};
/* End PBXTargetDependency section */

/* Begin PBXVariantGroup section */
		C6C526E320D99C0600874090 /* Main.storyboard */ = {
			isa = PBXVariantGroup;
			children = (
				C6C526E420D99C0600874090 /* Base */,
			);
			name = Main.storyboard;
			sourceTree = "<group>";
		};
		C6C526E820D99C0700874090 /* LaunchScreen.storyboard */ = {
			isa = PBXVariantGroup;
			children = (
				C6C526E920D99C0700874090 /* Base */,
			);
			name = LaunchScreen.storyboard;
			sourceTree = "<group>";
		};
/* End PBXVariantGroup section */

/* Begin XCBuildConfiguration section */
		C6C5270220D99C0800874090 /* Debug */ = {
			isa = XCBuildConfiguration;
			buildSettings = {
				ALWAYS_SEARCH_USER_PATHS = NO;
				CLANG_ANALYZER_NONNULL = YES;
				CLANG_ANALYZER_NUMBER_OBJECT_CONVERSION = YES_AGGRESSIVE;
				CLANG_CXX_LANGUAGE_STANDARD = "gnu++14";
				CLANG_CXX_LIBRARY = "libc++";
				CLANG_ENABLE_MODULES = YES;
				CLANG_ENABLE_OBJC_ARC = YES;
				CLANG_ENABLE_OBJC_WEAK = YES;
				CLANG_WARN_BLOCK_CAPTURE_AUTORELEASING = YES;
				CLANG_WARN_BOOL_CONVERSION = YES;
				CLANG_WARN_COMMA = YES;
				CLANG_WARN_CONSTANT_CONVERSION = YES;
				CLANG_WARN_DEPRECATED_OBJC_IMPLEMENTATIONS = YES;
				CLANG_WARN_DIRECT_OBJC_ISA_USAGE = YES_ERROR;
				CLANG_WARN_DOCUMENTATION_COMMENTS = YES;
				CLANG_WARN_EMPTY_BODY = YES;
				CLANG_WARN_ENUM_CONVERSION = YES;
				CLANG_WARN_INFINITE_RECURSION = YES;
				CLANG_WARN_INT_CONVERSION = YES;
				CLANG_WARN_NON_LITERAL_NULL_CONVERSION = YES;
				CLANG_WARN_OBJC_IMPLICIT_RETAIN_SELF = YES;
				CLANG_WARN_OBJC_LITERAL_CONVERSION = YES;
				CLANG_WARN_OBJC_ROOT_CLASS = YES_ERROR;
				CLANG_WARN_RANGE_LOOP_ANALYSIS = YES;
				CLANG_WARN_STRICT_PROTOTYPES = YES;
				CLANG_WARN_SUSPICIOUS_MOVE = YES;
				CLANG_WARN_UNGUARDED_AVAILABILITY = YES_AGGRESSIVE;
				CLANG_WARN_UNREACHABLE_CODE = YES;
				CLANG_WARN__DUPLICATE_METHOD_MATCH = YES;
				CODE_SIGN_IDENTITY = "iPhone Developer";
				COPY_PHASE_STRIP = NO;
				DEBUG_INFORMATION_FORMAT = dwarf;
				ENABLE_STRICT_OBJC_MSGSEND = YES;
				ENABLE_TESTABILITY = YES;
				GCC_C_LANGUAGE_STANDARD = gnu11;
				GCC_DYNAMIC_NO_PIC = NO;
				GCC_NO_COMMON_BLOCKS = YES;
				GCC_OPTIMIZATION_LEVEL = 0;
				GCC_PREPROCESSOR_DEFINITIONS = (
					"DEBUG=1",
					"$(inherited)",
				);
				GCC_WARN_64_TO_32_BIT_CONVERSION = YES;
				GCC_WARN_ABOUT_RETURN_TYPE = YES_ERROR;
				GCC_WARN_UNDECLARED_SELECTOR = YES;
				GCC_WARN_UNINITIALIZED_AUTOS = YES_AGGRESSIVE;
				GCC_WARN_UNUSED_FUNCTION = YES;
				GCC_WARN_UNUSED_VARIABLE = YES;
				IPHONEOS_DEPLOYMENT_TARGET = 11.4;
				MTL_ENABLE_DEBUG_INFO = YES;
				ONLY_ACTIVE_ARCH = YES;
				SDKROOT = iphoneos;
				SWIFT_ACTIVE_COMPILATION_CONDITIONS = DEBUG;
				SWIFT_OPTIMIZATION_LEVEL = "-Onone";
			};
			name = Debug;
		};
		C6C5270320D99C0800874090 /* Release */ = {
			isa = XCBuildConfiguration;
			buildSettings = {
				ALWAYS_SEARCH_USER_PATHS = NO;
				CLANG_ANALYZER_NONNULL = YES;
				CLANG_ANALYZER_NUMBER_OBJECT_CONVERSION = YES_AGGRESSIVE;
				CLANG_CXX_LANGUAGE_STANDARD = "gnu++14";
				CLANG_CXX_LIBRARY = "libc++";
				CLANG_ENABLE_MODULES = YES;
				CLANG_ENABLE_OBJC_ARC = YES;
				CLANG_ENABLE_OBJC_WEAK = YES;
				CLANG_WARN_BLOCK_CAPTURE_AUTORELEASING = YES;
				CLANG_WARN_BOOL_CONVERSION = YES;
				CLANG_WARN_COMMA = YES;
				CLANG_WARN_CONSTANT_CONVERSION = YES;
				CLANG_WARN_DEPRECATED_OBJC_IMPLEMENTATIONS = YES;
				CLANG_WARN_DIRECT_OBJC_ISA_USAGE = YES_ERROR;
				CLANG_WARN_DOCUMENTATION_COMMENTS = YES;
				CLANG_WARN_EMPTY_BODY = YES;
				CLANG_WARN_ENUM_CONVERSION = YES;
				CLANG_WARN_INFINITE_RECURSION = YES;
				CLANG_WARN_INT_CONVERSION = YES;
				CLANG_WARN_NON_LITERAL_NULL_CONVERSION = YES;
				CLANG_WARN_OBJC_IMPLICIT_RETAIN_SELF = YES;
				CLANG_WARN_OBJC_LITERAL_CONVERSION = YES;
				CLANG_WARN_OBJC_ROOT_CLASS = YES_ERROR;
				CLANG_WARN_RANGE_LOOP_ANALYSIS = YES;
				CLANG_WARN_STRICT_PROTOTYPES = YES;
				CLANG_WARN_SUSPICIOUS_MOVE = YES;
				CLANG_WARN_UNGUARDED_AVAILABILITY = YES_AGGRESSIVE;
				CLANG_WARN_UNREACHABLE_CODE = YES;
				CLANG_WARN__DUPLICATE_METHOD_MATCH = YES;
				CODE_SIGN_IDENTITY = "iPhone Developer";
				COPY_PHASE_STRIP = NO;
				DEBUG_INFORMATION_FORMAT = "dwarf-with-dsym";
				ENABLE_NS_ASSERTIONS = NO;
				ENABLE_STRICT_OBJC_MSGSEND = YES;
				GCC_C_LANGUAGE_STANDARD = gnu11;
				GCC_NO_COMMON_BLOCKS = YES;
				GCC_WARN_64_TO_32_BIT_CONVERSION = YES;
				GCC_WARN_ABOUT_RETURN_TYPE = YES_ERROR;
				GCC_WARN_UNDECLARED_SELECTOR = YES;
				GCC_WARN_UNINITIALIZED_AUTOS = YES_AGGRESSIVE;
				GCC_WARN_UNUSED_FUNCTION = YES;
				GCC_WARN_UNUSED_VARIABLE = YES;
				IPHONEOS_DEPLOYMENT_TARGET = 11.4;
				MTL_ENABLE_DEBUG_INFO = NO;
				SDKROOT = iphoneos;
				SWIFT_COMPILATION_MODE = wholemodule;
				SWIFT_OPTIMIZATION_LEVEL = "-O";
				VALIDATE_PRODUCT = YES;
			};
			name = Release;
		};
		C6C5270520D99C0800874090 /* Debug */ = {
			isa = XCBuildConfiguration;
			baseConfigurationReference = 9F76E3F689EFE8C47A0D62CB /* Pods-Pokedex.debug.xcconfig */;
			buildSettings = {
				ASSETCATALOG_COMPILER_APPICON_NAME = AppIcon;
				CODE_SIGN_STYLE = Automatic;
				DEVELOPMENT_TEAM = D4KFNL46VA;
				INFOPLIST_FILE = Pokedex/Info.plist;
				LD_RUNPATH_SEARCH_PATHS = (
					"$(inherited)",
					"@executable_path/Frameworks",
				);
				PRODUCT_BUNDLE_IDENTIFIER = "Ramin-Ikhiilov.Pokedex";
				PRODUCT_NAME = "$(TARGET_NAME)";
				SWIFT_VERSION = 4.0;
				TARGETED_DEVICE_FAMILY = "1,2";
			};
			name = Debug;
		};
		C6C5270620D99C0800874090 /* Release */ = {
			isa = XCBuildConfiguration;
			baseConfigurationReference = 0B1E8F831291D82CCE670ADE /* Pods-Pokedex.release.xcconfig */;
			buildSettings = {
				ASSETCATALOG_COMPILER_APPICON_NAME = AppIcon;
				CODE_SIGN_STYLE = Automatic;
				DEVELOPMENT_TEAM = D4KFNL46VA;
				INFOPLIST_FILE = Pokedex/Info.plist;
				LD_RUNPATH_SEARCH_PATHS = (
					"$(inherited)",
					"@executable_path/Frameworks",
				);
				PRODUCT_BUNDLE_IDENTIFIER = "Ramin-Ikhiilov.Pokedex";
				PRODUCT_NAME = "$(TARGET_NAME)";
				SWIFT_VERSION = 4.0;
				TARGETED_DEVICE_FAMILY = "1,2";
			};
			name = Release;
		};
		C6C5270820D99C0800874090 /* Debug */ = {
			isa = XCBuildConfiguration;
			buildSettings = {
				ALWAYS_EMBED_SWIFT_STANDARD_LIBRARIES = YES;
				BUNDLE_LOADER = "$(TEST_HOST)";
				CODE_SIGN_STYLE = Automatic;
				DEVELOPMENT_TEAM = D4KFNL46VA;
				INFOPLIST_FILE = PokedexTests/Info.plist;
				LD_RUNPATH_SEARCH_PATHS = (
					"$(inherited)",
					"@executable_path/Frameworks",
					"@loader_path/Frameworks",
				);
				PRODUCT_BUNDLE_IDENTIFIER = "Ramin-Ikhiilov.PokedexTests";
				PRODUCT_NAME = "$(TARGET_NAME)";
				SWIFT_VERSION = 4.0;
				TARGETED_DEVICE_FAMILY = "1,2";
				TEST_HOST = "$(BUILT_PRODUCTS_DIR)/Pokedex.app/Pokedex";
			};
			name = Debug;
		};
		C6C5270920D99C0800874090 /* Release */ = {
			isa = XCBuildConfiguration;
			buildSettings = {
				ALWAYS_EMBED_SWIFT_STANDARD_LIBRARIES = YES;
				BUNDLE_LOADER = "$(TEST_HOST)";
				CODE_SIGN_STYLE = Automatic;
				DEVELOPMENT_TEAM = D4KFNL46VA;
				INFOPLIST_FILE = PokedexTests/Info.plist;
				LD_RUNPATH_SEARCH_PATHS = (
					"$(inherited)",
					"@executable_path/Frameworks",
					"@loader_path/Frameworks",
				);
				PRODUCT_BUNDLE_IDENTIFIER = "Ramin-Ikhiilov.PokedexTests";
				PRODUCT_NAME = "$(TARGET_NAME)";
				SWIFT_VERSION = 4.0;
				TARGETED_DEVICE_FAMILY = "1,2";
				TEST_HOST = "$(BUILT_PRODUCTS_DIR)/Pokedex.app/Pokedex";
			};
			name = Release;
		};
		C6C5270B20D99C0800874090 /* Debug */ = {
			isa = XCBuildConfiguration;
			buildSettings = {
				ALWAYS_EMBED_SWIFT_STANDARD_LIBRARIES = YES;
				CODE_SIGN_STYLE = Automatic;
				DEVELOPMENT_TEAM = D4KFNL46VA;
				INFOPLIST_FILE = PokedexUITests/Info.plist;
				LD_RUNPATH_SEARCH_PATHS = (
					"$(inherited)",
					"@executable_path/Frameworks",
					"@loader_path/Frameworks",
				);
				PRODUCT_BUNDLE_IDENTIFIER = "Ramin-Ikhiilov.PokedexUITests";
				PRODUCT_NAME = "$(TARGET_NAME)";
				SWIFT_VERSION = 4.0;
				TARGETED_DEVICE_FAMILY = "1,2";
				TEST_TARGET_NAME = Pokedex;
			};
			name = Debug;
		};
		C6C5270C20D99C0800874090 /* Release */ = {
			isa = XCBuildConfiguration;
			buildSettings = {
				ALWAYS_EMBED_SWIFT_STANDARD_LIBRARIES = YES;
				CODE_SIGN_STYLE = Automatic;
				DEVELOPMENT_TEAM = D4KFNL46VA;
				INFOPLIST_FILE = PokedexUITests/Info.plist;
				LD_RUNPATH_SEARCH_PATHS = (
					"$(inherited)",
					"@executable_path/Frameworks",
					"@loader_path/Frameworks",
				);
				PRODUCT_BUNDLE_IDENTIFIER = "Ramin-Ikhiilov.PokedexUITests";
				PRODUCT_NAME = "$(TARGET_NAME)";
				SWIFT_VERSION = 4.0;
				TARGETED_DEVICE_FAMILY = "1,2";
				TEST_TARGET_NAME = Pokedex;
			};
			name = Release;
		};
/* End XCBuildConfiguration section */

/* Begin XCConfigurationList section */
		C6C526D720D99C0600874090 /* Build configuration list for PBXProject "Pokedex" */ = {
			isa = XCConfigurationList;
			buildConfigurations = (
				C6C5270220D99C0800874090 /* Debug */,
				C6C5270320D99C0800874090 /* Release */,
			);
			defaultConfigurationIsVisible = 0;
			defaultConfigurationName = Release;
		};
		C6C5270420D99C0800874090 /* Build configuration list for PBXNativeTarget "Pokedex" */ = {
			isa = XCConfigurationList;
			buildConfigurations = (
				C6C5270520D99C0800874090 /* Debug */,
				C6C5270620D99C0800874090 /* Release */,
			);
			defaultConfigurationIsVisible = 0;
			defaultConfigurationName = Release;
		};
		C6C5270720D99C0800874090 /* Build configuration list for PBXNativeTarget "PokedexTests" */ = {
			isa = XCConfigurationList;
			buildConfigurations = (
				C6C5270820D99C0800874090 /* Debug */,
				C6C5270920D99C0800874090 /* Release */,
			);
			defaultConfigurationIsVisible = 0;
			defaultConfigurationName = Release;
		};
		C6C5270A20D99C0800874090 /* Build configuration list for PBXNativeTarget "PokedexUITests" */ = {
			isa = XCConfigurationList;
			buildConfigurations = (
				C6C5270B20D99C0800874090 /* Debug */,
				C6C5270C20D99C0800874090 /* Release */,
			);
			defaultConfigurationIsVisible = 0;
			defaultConfigurationName = Release;
		};
/* End XCConfigurationList section */
	};
	rootObject = C6C526D420D99C0600874090 /* Project object */;
}
